
Microsoft Visual Studio Solution File, Format Version 12.00
Project("{FAE04EC0-301F-11D3-BF4B-00C04F79EFBC}") = "DoctorWho.Db", "DoctorWho.Db\DoctorWho.Db.csproj", "{E8D0FCEE-6F70-4C11-B0A9-E3CDD852EA7D}"
EndProject
Project("{FAE04EC0-301F-11D3-BF4B-00C04F79EFBC}") = "DoctorWho.API", "DoctorWho.API\DoctorWho.API.csproj", "{C4BED88B-2C28-4379-9352-94DBAED27BEB}"
EndProject
Global
	GlobalSection(SolutionConfigurationPlatforms) = preSolution
		Debug|Any CPU = Debug|Any CPU
		Release|Any CPU = Release|Any CPU
	EndGlobalSection
	GlobalSection(ProjectConfigurationPlatforms) = postSolution
		{E8D0FCEE-6F70-4C11-B0A9-E3CDD852EA7D}.Debug|Any CPU.ActiveCfg = Debug|Any CPU
		{E8D0FCEE-6F70-4C11-B0A9-E3CDD852EA7D}.Debug|Any CPU.Build.0 = Debug|Any CPU
		{E8D0FCEE-6F70-4C11-B0A9-E3CDD852EA7D}.Release|Any CPU.ActiveCfg = Release|Any CPU
		{E8D0FCEE-6F70-4C11-B0A9-E3CDD852EA7D}.Release|Any CPU.Build.0 = Release|Any CPU
		{C4BED88B-2C28-4379-9352-94DBAED27BEB}.Debug|Any CPU.ActiveCfg = Debug|Any CPU
		{C4BED88B-2C28-4379-9352-94DBAED27BEB}.Debug|Any CPU.Build.0 = Debug|Any CPU
		{C4BED88B-2C28-4379-9352-94DBAED27BEB}.Release|Any CPU.ActiveCfg = Release|Any CPU
		{C4BED88B-2C28-4379-9352-94DBAED27BEB}.Release|Any CPU.Build.0 = Release|Any CPU
	EndGlobalSection
EndGlobal
